
Microsoft Visual Studio Solution File, Format Version 12.00
# Visual Studio Version 17
VisualStudioVersion = 17.9.34728.123
MinimumVisualStudioVersion = 10.0.40219.1
Project("{FAE04EC0-301F-11D3-BF4B-00C04F79EFBC}") = "TaskManagement", "TaskManagement\TaskManagement.csproj", "{DA41806D-9E93-48CE-9D91-B57AACA1EAC5}"
EndProject
Global
	GlobalSection(SolutionConfigurationPlatforms) = preSolution
		Debug|Any CPU = Debug|Any CPU
		Release|Any CPU = Release|Any CPU
	EndGlobalSection
	GlobalSection(ProjectConfigurationPlatforms) = postSolution
		{DA41806D-9E93-48CE-9D91-B57AACA1EAC5}.Debug|Any CPU.ActiveCfg = Debug|Any CPU
		{DA41806D-9E93-48CE-9D91-B57AACA1EAC5}.Debug|Any CPU.Build.0 = Debug|Any CPU
		{DA41806D-9E93-48CE-9D91-B57AACA1EAC5}.Release|Any CPU.ActiveCfg = Release|Any CPU
		{DA41806D-9E93-48CE-9D91-B57AACA1EAC5}.Release|Any CPU.Build.0 = Release|Any CPU
	EndGlobalSection
	GlobalSection(SolutionProperties) = preSolution
		HideSolutionNode = FALSE
	EndGlobalSection
	GlobalSection(ExtensibilityGlobals) = postSolution
		SolutionGuid = {D8F6AA7E-7C4A-4A2C-9657-4BF6438FAA54}
	EndGlobalSection
EndGlobal
